
Microsoft Visual Studio Solution File, Format Version 12.00
# Visual Studio 14
VisualStudioVersion = 14.0.25420.1
MinimumVisualStudioVersion = 10.0.40219.1
Project("{FAE04EC0-301F-11D3-BF4B-00C04F79EFBC}") = "PubSubServicesUnitTest", "PubSubServicesUnitTest\PubSubServicesUnitTest.csproj", "{ECABF21C-9EEE-4309-BC91-D3AAB195029F}"
EndProject
Project("{FAE04EC0-301F-11D3-BF4B-00C04F79EFBC}") = "PubSubSocketServer", "PubSubSocketServer\PubSubSocketServer.csproj", "{4494F898-80CE-4333-99AA-E087C1C183F6}"
EndProject
Project("{FAE04EC0-301F-11D3-BF4B-00C04F79EFBC}") = "PubSubServicesSample", "PubSubServicesSample\PubSubServicesSample.csproj", "{EE4C43AF-FA1F-44B8-A135-F6BD2BFA0B2F}"
EndProject
Global
	GlobalSection(SolutionConfigurationPlatforms) = preSolution
		Debug|Any CPU = Debug|Any CPU
		Release|Any CPU = Release|Any CPU
	EndGlobalSection
	GlobalSection(ProjectConfigurationPlatforms) = postSolution
		{ECABF21C-9EEE-4309-BC91-D3AAB195029F}.Debug|Any CPU.ActiveCfg = Debug|Any CPU
		{ECABF21C-9EEE-4309-BC91-D3AAB195029F}.Debug|Any CPU.Build.0 = Debug|Any CPU
		{ECABF21C-9EEE-4309-BC91-D3AAB195029F}.Release|Any CPU.ActiveCfg = Release|Any CPU
		{ECABF21C-9EEE-4309-BC91-D3AAB195029F}.Release|Any CPU.Build.0 = Release|Any CPU
		{4494F898-80CE-4333-99AA-E087C1C183F6}.Debug|Any CPU.ActiveCfg = Debug|Any CPU
		{4494F898-80CE-4333-99AA-E087C1C183F6}.Debug|Any CPU.Build.0 = Debug|Any CPU
		{4494F898-80CE-4333-99AA-E087C1C183F6}.Release|Any CPU.ActiveCfg = Release|Any CPU
		{4494F898-80CE-4333-99AA-E087C1C183F6}.Release|Any CPU.Build.0 = Release|Any CPU
		{EE4C43AF-FA1F-44B8-A135-F6BD2BFA0B2F}.Debug|Any CPU.ActiveCfg = Debug|Any CPU
		{EE4C43AF-FA1F-44B8-A135-F6BD2BFA0B2F}.Debug|Any CPU.Build.0 = Debug|Any CPU
		{EE4C43AF-FA1F-44B8-A135-F6BD2BFA0B2F}.Release|Any CPU.ActiveCfg = Release|Any CPU
		{EE4C43AF-FA1F-44B8-A135-F6BD2BFA0B2F}.Release|Any CPU.Build.0 = Release|Any CPU
	EndGlobalSection
	GlobalSection(SolutionProperties) = preSolution
		HideSolutionNode = FALSE
	EndGlobalSection
EndGlobal
